
Microsoft Visual Studio Solution File, Format Version 12.00
# Visual Studio Version 16
VisualStudioVersion = 16.0.30011.22
MinimumVisualStudioVersion = 10.0.40219.1
Project("{FAE04EC0-301F-11D3-BF4B-00C04F79EFBC}") = "PlaceMyBet_EntityFramework", "PlaceMyBet_EntityFramework\PlaceMyBet_EntityFramework.csproj", "{E21D1A3F-DF05-4C01-8C09-932D2930F099}"
EndProject
Global
	GlobalSection(SolutionConfigurationPlatforms) = preSolution
		Debug|Any CPU = Debug|Any CPU
		Release|Any CPU = Release|Any CPU
	EndGlobalSection
	GlobalSection(ProjectConfigurationPlatforms) = postSolution
		{E21D1A3F-DF05-4C01-8C09-932D2930F099}.Debug|Any CPU.ActiveCfg = Debug|Any CPU
		{E21D1A3F-DF05-4C01-8C09-932D2930F099}.Debug|Any CPU.Build.0 = Debug|Any CPU
		{E21D1A3F-DF05-4C01-8C09-932D2930F099}.Release|Any CPU.ActiveCfg = Release|Any CPU
		{E21D1A3F-DF05-4C01-8C09-932D2930F099}.Release|Any CPU.Build.0 = Release|Any CPU
	EndGlobalSection
	GlobalSection(SolutionProperties) = preSolution
		HideSolutionNode = FALSE
	EndGlobalSection
	GlobalSection(ExtensibilityGlobals) = postSolution
		SolutionGuid = {49768F79-F57A-4050-84A4-9D3335E5FE91}
	EndGlobalSection
EndGlobal
